
Microsoft Visual Studio Solution File, Format Version 12.00
# Visual Studio Version 16
VisualStudioVersion = 16.0.31424.327
MinimumVisualStudioVersion = 10.0.40219.1
Project("{FAE04EC0-301F-11D3-BF4B-00C04F79EFBC}") = "PrjWebAPI1", "PrjWebAPI1\PrjWebAPI1.csproj", "{81F576EC-E0B7-4BE0-9927-A38AC914DFF9}"
EndProject
Global
	GlobalSection(SolutionConfigurationPlatforms) = preSolution
		Debug|Any CPU = Debug|Any CPU
		Release|Any CPU = Release|Any CPU
	EndGlobalSection
	GlobalSection(ProjectConfigurationPlatforms) = postSolution
		{81F576EC-E0B7-4BE0-9927-A38AC914DFF9}.Debug|Any CPU.ActiveCfg = Debug|Any CPU
		{81F576EC-E0B7-4BE0-9927-A38AC914DFF9}.Debug|Any CPU.Build.0 = Debug|Any CPU
		{81F576EC-E0B7-4BE0-9927-A38AC914DFF9}.Release|Any CPU.ActiveCfg = Release|Any CPU
		{81F576EC-E0B7-4BE0-9927-A38AC914DFF9}.Release|Any CPU.Build.0 = Release|Any CPU
	EndGlobalSection
	GlobalSection(SolutionProperties) = preSolution
		HideSolutionNode = FALSE
	EndGlobalSection
	GlobalSection(ExtensibilityGlobals) = postSolution
		SolutionGuid = {FC9BCC0D-2457-411B-BF18-9C916648812E}
	EndGlobalSection
EndGlobal
